
Microsoft Visual Studio Solution File, Format Version 12.00
Project("{FAE04EC0-301F-11D3-BF4B-00C04F79EFBC}") = "Imprink.WebApi", "src\Imprink.WebApi\Imprink.WebApi.csproj", "{659FA9DF-3AAF-42B0-9613-1EB79BB84053}"
EndProject
Project("{2150E333-8FDC-42A3-9474-1A3956D46DE8}") = "Solution Items", "Solution Items", "{06B9A385-FCDC-4052-B0AC-2B20316CC67F}"
EndProject
Project("{FAE04EC0-301F-11D3-BF4B-00C04F79EFBC}") = "Imprink.Domain", "src\Imprink.Domain\Imprink.Domain.csproj", "{45A42670-C3A2-4B21-B3C8-1AD71EE41348}"
EndProject
Project("{FAE04EC0-301F-11D3-BF4B-00C04F79EFBC}") = "Imprink.Infrastructure", "src\Imprink.Infrastructure\Imprink.Infrastructure.csproj", "{5566AAE7-444D-41F8-BC6D-59C341EBF6F3}"
EndProject
Project("{FAE04EC0-301F-11D3-BF4B-00C04F79EFBC}") = "Imprink.Application", "src\Imprink.Application\Imprink.Application.csproj", "{379021C7-7B82-4643-A1D6-B789CEDE9BDE}"
EndProject
Project("{2150E333-8FDC-42A3-9474-1A3956D46DE8}") = "tests", "tests", "{0AB3BF05-4346-4AA6-1389-037BE0695223}"
EndProject
Project("{FAE04EC0-301F-11D3-BF4B-00C04F79EFBC}") = "Imprink.Application.Tests", "tests\Imprink.Application.Tests\Imprink.Application.Tests.csproj", "{E858950C-69E0-426B-A679-CD1B944C2F8F}"
EndProject
Project("{FAE04EC0-301F-11D3-BF4B-00C04F79EFBC}") = "Imprink.Domain.Tests", "tests\Imprink.Domain.Tests\Imprink.Domain.Tests.csproj", "{8CB5B0C8-ED1B-486F-9A02-ED507F533D0E}"
EndProject
Project("{FAE04EC0-301F-11D3-BF4B-00C04F79EFBC}") = "Imprink.Infrastructure.Tests", "tests\Imprink.Infrastructure.Tests\Imprink.Infrastructure.Tests.csproj", "{E683C824-15F9-4FD3-9947-3756E48934A4}"
EndProject
Project("{FAE04EC0-301F-11D3-BF4B-00C04F79EFBC}") = "Imprink.WebApi.Tests", "tests\Imprink.WebApi.Tests\Imprink.WebApi.Tests.csproj", "{0EF1EBCE-22E2-4511-B845-EA3EC792DFE3}"
EndProject
Global
	GlobalSection(SolutionConfigurationPlatforms) = preSolution
		Debug|Any CPU = Debug|Any CPU
		Debug|x64 = Debug|x64
		Debug|x86 = Debug|x86
		Release|Any CPU = Release|Any CPU
		Release|x64 = Release|x64
		Release|x86 = Release|x86
	EndGlobalSection
	GlobalSection(ProjectConfigurationPlatforms) = postSolution
		{659FA9DF-3AAF-42B0-9613-1EB79BB84053}.Debug|Any CPU.ActiveCfg = Debug|Any CPU
		{659FA9DF-3AAF-42B0-9613-1EB79BB84053}.Debug|Any CPU.Build.0 = Debug|Any CPU
		{659FA9DF-3AAF-42B0-9613-1EB79BB84053}.Debug|x64.ActiveCfg = Debug|Any CPU
		{659FA9DF-3AAF-42B0-9613-1EB79BB84053}.Debug|x64.Build.0 = Debug|Any CPU
		{659FA9DF-3AAF-42B0-9613-1EB79BB84053}.Debug|x86.ActiveCfg = Debug|Any CPU
		{659FA9DF-3AAF-42B0-9613-1EB79BB84053}.Debug|x86.Build.0 = Debug|Any CPU
		{659FA9DF-3AAF-42B0-9613-1EB79BB84053}.Release|Any CPU.ActiveCfg = Release|Any CPU
		{659FA9DF-3AAF-42B0-9613-1EB79BB84053}.Release|Any CPU.Build.0 = Release|Any CPU
		{659FA9DF-3AAF-42B0-9613-1EB79BB84053}.Release|x64.ActiveCfg = Release|Any CPU
		{659FA9DF-3AAF-42B0-9613-1EB79BB84053}.Release|x64.Build.0 = Release|Any CPU
		{659FA9DF-3AAF-42B0-9613-1EB79BB84053}.Release|x86.ActiveCfg = Release|Any CPU
		{659FA9DF-3AAF-42B0-9613-1EB79BB84053}.Release|x86.Build.0 = Release|Any CPU
		{45A42670-C3A2-4B21-B3C8-1AD71EE41348}.Debug|Any CPU.ActiveCfg = Debug|Any CPU
		{45A42670-C3A2-4B21-B3C8-1AD71EE41348}.Debug|Any CPU.Build.0 = Debug|Any CPU
		{45A42670-C3A2-4B21-B3C8-1AD71EE41348}.Debug|x64.ActiveCfg = Debug|Any CPU
		{45A42670-C3A2-4B21-B3C8-1AD71EE41348}.Debug|x64.Build.0 = Debug|Any CPU
		{45A42670-C3A2-4B21-B3C8-1AD71EE41348}.Debug|x86.ActiveCfg = Debug|Any CPU
		{45A42670-C3A2-4B21-B3C8-1AD71EE41348}.Debug|x86.Build.0 = Debug|Any CPU
		{45A42670-C3A2-4B21-B3C8-1AD71EE41348}.Release|Any CPU.ActiveCfg = Release|Any CPU
		{45A42670-C3A2-4B21-B3C8-1AD71EE41348}.Release|Any CPU.Build.0 = Release|Any CPU
		{45A42670-C3A2-4B21-B3C8-1AD71EE41348}.Release|x64.ActiveCfg = Release|Any CPU
		{45A42670-C3A2-4B21-B3C8-1AD71EE41348}.Release|x64.Build.0 = Release|Any CPU
		{45A42670-C3A2-4B21-B3C8-1AD71EE41348}.Release|x86.ActiveCfg = Release|Any CPU
		{45A42670-C3A2-4B21-B3C8-1AD71EE41348}.Release|x86.Build.0 = Release|Any CPU
		{5566AAE7-444D-41F8-BC6D-59C341EBF6F3}.Debug|Any CPU.ActiveCfg = Debug|Any CPU
		{5566AAE7-444D-41F8-BC6D-59C341EBF6F3}.Debug|Any CPU.Build.0 = Debug|Any CPU
		{5566AAE7-444D-41F8-BC6D-59C341EBF6F3}.Debug|x64.ActiveCfg = Debug|Any CPU
		{5566AAE7-444D-41F8-BC6D-59C341EBF6F3}.Debug|x64.Build.0 = Debug|Any CPU
		{5566AAE7-444D-41F8-BC6D-59C341EBF6F3}.Debug|x86.ActiveCfg = Debug|Any CPU
		{5566AAE7-444D-41F8-BC6D-59C341EBF6F3}.Debug|x86.Build.0 = Debug|Any CPU
		{5566AAE7-444D-41F8-BC6D-59C341EBF6F3}.Release|Any CPU.ActiveCfg = Release|Any CPU
		{5566AAE7-444D-41F8-BC6D-59C341EBF6F3}.Release|Any CPU.Build.0 = Release|Any CPU
		{5566AAE7-444D-41F8-BC6D-59C341EBF6F3}.Release|x64.ActiveCfg = Release|Any CPU
		{5566AAE7-444D-41F8-BC6D-59C341EBF6F3}.Release|x64.Build.0 = Release|Any CPU
		{5566AAE7-444D-41F8-BC6D-59C341EBF6F3}.Release|x86.ActiveCfg = Release|Any CPU
		{5566AAE7-444D-41F8-BC6D-59C341EBF6F3}.Release|x86.Build.0 = Release|Any CPU
		{379021C7-7B82-4643-A1D6-B789CEDE9BDE}.Debug|Any CPU.ActiveCfg = Debug|Any CPU
		{379021C7-7B82-4643-A1D6-B789CEDE9BDE}.Debug|Any CPU.Build.0 = Debug|Any CPU
		{379021C7-7B82-4643-A1D6-B789CEDE9BDE}.Debug|x64.ActiveCfg = Debug|Any CPU
		{379021C7-7B82-4643-A1D6-B789CEDE9BDE}.Debug|x64.Build.0 = Debug|Any CPU
		{379021C7-7B82-4643-A1D6-B789CEDE9BDE}.Debug|x86.ActiveCfg = Debug|Any CPU
		{379021C7-7B82-4643-A1D6-B789CEDE9BDE}.Debug|x86.Build.0 = Debug|Any CPU
		{379021C7-7B82-4643-A1D6-B789CEDE9BDE}.Release|Any CPU.ActiveCfg = Release|Any CPU
		{379021C7-7B82-4643-A1D6-B789CEDE9BDE}.Release|Any CPU.Build.0 = Release|Any CPU
		{379021C7-7B82-4643-A1D6-B789CEDE9BDE}.Release|x64.ActiveCfg = Release|Any CPU
		{379021C7-7B82-4643-A1D6-B789CEDE9BDE}.Release|x64.Build.0 = Release|Any CPU
		{379021C7-7B82-4643-A1D6-B789CEDE9BDE}.Release|x86.ActiveCfg = Release|Any CPU
		{379021C7-7B82-4643-A1D6-B789CEDE9BDE}.Release|x86.Build.0 = Release|Any CPU
		{E858950C-69E0-426B-A679-CD1B944C2F8F}.Debug|Any CPU.ActiveCfg = Debug|Any CPU
		{E858950C-69E0-426B-A679-CD1B944C2F8F}.Debug|Any CPU.Build.0 = Debug|Any CPU
		{E858950C-69E0-426B-A679-CD1B944C2F8F}.Debug|x64.ActiveCfg = Debug|Any CPU
		{E858950C-69E0-426B-A679-CD1B944C2F8F}.Debug|x64.Build.0 = Debug|Any CPU
		{E858950C-69E0-426B-A679-CD1B944C2F8F}.Debug|x86.ActiveCfg = Debug|Any CPU
		{E858950C-69E0-426B-A679-CD1B944C2F8F}.Debug|x86.Build.0 = Debug|Any CPU
		{E858950C-69E0-426B-A679-CD1B944C2F8F}.Release|Any CPU.ActiveCfg = Release|Any CPU
		{E858950C-69E0-426B-A679-CD1B944C2F8F}.Release|Any CPU.Build.0 = Release|Any CPU
		{E858950C-69E0-426B-A679-CD1B944C2F8F}.Release|x64.ActiveCfg = Release|Any CPU
		{E858950C-69E0-426B-A679-CD1B944C2F8F}.Release|x64.Build.0 = Release|Any CPU
		{E858950C-69E0-426B-A679-CD1B944C2F8F}.Release|x86.ActiveCfg = Release|Any CPU
		{E858950C-69E0-426B-A679-CD1B944C2F8F}.Release|x86.Build.0 = Release|Any CPU
		{8CB5B0C8-ED1B-486F-9A02-ED507F533D0E}.Debug|Any CPU.ActiveCfg = Debug|Any CPU
		{8CB5B0C8-ED1B-486F-9A02-ED507F533D0E}.Debug|Any CPU.Build.0 = Debug|Any CPU
		{8CB5B0C8-ED1B-486F-9A02-ED507F533D0E}.Debug|x64.ActiveCfg = Debug|Any CPU
		{8CB5B0C8-ED1B-486F-9A02-ED507F533D0E}.Debug|x64.Build.0 = Debug|Any CPU
		{8CB5B0C8-ED1B-486F-9A02-ED507F533D0E}.Debug|x86.ActiveCfg = Debug|Any CPU
		{8CB5B0C8-ED1B-486F-9A02-ED507F533D0E}.Debug|x86.Build.0 = Debug|Any CPU
		{8CB5B0C8-ED1B-486F-9A02-ED507F533D0E}.Release|Any CPU.ActiveCfg = Release|Any CPU
		{8CB5B0C8-ED1B-486F-9A02-ED507F533D0E}.Release|Any CPU.Build.0 = Release|Any CPU
		{8CB5B0C8-ED1B-486F-9A02-ED507F533D0E}.Release|x64.ActiveCfg = Release|Any CPU
		{8CB5B0C8-ED1B-486F-9A02-ED507F533D0E}.Release|x64.Build.0 = Release|Any CPU
		{8CB5B0C8-ED1B-486F-9A02-ED507F533D0E}.Release|x86.ActiveCfg = Release|Any CPU
		{8CB5B0C8-ED1B-486F-9A02-ED507F533D0E}.Release|x86.Build.0 = Release|Any CPU
		{E683C824-15F9-4FD3-9947-3756E48934A4}.Debug|Any CPU.ActiveCfg = Debug|Any CPU
		{E683C824-15F9-4FD3-9947-3756E48934A4}.Debug|Any CPU.Build.0 = Debug|Any CPU
		{E683C824-15F9-4FD3-9947-3756E48934A4}.Debug|x64.ActiveCfg = Debug|Any CPU
		{E683C824-15F9-4FD3-9947-3756E48934A4}.Debug|x64.Build.0 = Debug|Any CPU
		{E683C824-15F9-4FD3-9947-3756E48934A4}.Debug|x86.ActiveCfg = Debug|Any CPU
		{E683C824-15F9-4FD3-9947-3756E48934A4}.Debug|x86.Build.0 = Debug|Any CPU
		{E683C824-15F9-4FD3-9947-3756E48934A4}.Release|Any CPU.ActiveCfg = Release|Any CPU
		{E683C824-15F9-4FD3-9947-3756E48934A4}.Release|Any CPU.Build.0 = Release|Any CPU
		{E683C824-15F9-4FD3-9947-3756E48934A4}.Release|x64.ActiveCfg = Release|Any CPU
		{E683C824-15F9-4FD3-9947-3756E48934A4}.Release|x64.Build.0 = Release|Any CPU
		{E683C824-15F9-4FD3-9947-3756E48934A4}.Release|x86.ActiveCfg = Release|Any CPU
		{E683C824-15F9-4FD3-9947-3756E48934A4}.Release|x86.Build.0 = Release|Any CPU
		{0EF1EBCE-22E2-4511-B845-EA3EC792DFE3}.Debug|Any CPU.ActiveCfg = Debug|Any CPU
		{0EF1EBCE-22E2-4511-B845-EA3EC792DFE3}.Debug|Any CPU.Build.0 = Debug|Any CPU
		{0EF1EBCE-22E2-4511-B845-EA3EC792DFE3}.Debug|x64.ActiveCfg = Debug|Any CPU
		{0EF1EBCE-22E2-4511-B845-EA3EC792DFE3}.Debug|x64.Build.0 = Debug|Any CPU
		{0EF1EBCE-22E2-4511-B845-EA3EC792DFE3}.Debug|x86.ActiveCfg = Debug|Any CPU
		{0EF1EBCE-22E2-4511-B845-EA3EC792DFE3}.Debug|x86.Build.0 = Debug|Any CPU
		{0EF1EBCE-22E2-4511-B845-EA3EC792DFE3}.Release|Any CPU.ActiveCfg = Release|Any CPU
		{0EF1EBCE-22E2-4511-B845-EA3EC792DFE3}.Release|Any CPU.Build.0 = Release|Any CPU
		{0EF1EBCE-22E2-4511-B845-EA3EC792DFE3}.Release|x64.ActiveCfg = Release|Any CPU
		{0EF1EBCE-22E2-4511-B845-EA3EC792DFE3}.Release|x64.Build.0 = Release|Any CPU
		{0EF1EBCE-22E2-4511-B845-EA3EC792DFE3}.Release|x86.ActiveCfg = Release|Any CPU
		{0EF1EBCE-22E2-4511-B845-EA3EC792DFE3}.Release|x86.Build.0 = Release|Any CPU
	EndGlobalSection
	GlobalSection(SolutionProperties) = preSolution
		HideSolutionNode = FALSE
	EndGlobalSection
	GlobalSection(NestedProjects) = preSolution
		{E858950C-69E0-426B-A679-CD1B944C2F8F} = {0AB3BF05-4346-4AA6-1389-037BE0695223}
		{8CB5B0C8-ED1B-486F-9A02-ED507F533D0E} = {0AB3BF05-4346-4AA6-1389-037BE0695223}
		{E683C824-15F9-4FD3-9947-3756E48934A4} = {0AB3BF05-4346-4AA6-1389-037BE0695223}
		{0EF1EBCE-22E2-4511-B845-EA3EC792DFE3} = {0AB3BF05-4346-4AA6-1389-037BE0695223}
	EndGlobalSection
EndGlobal
